
Microsoft Visual Studio Solution File, Format Version 11.00
# Visual C# Express 2010
Project("{FAE04EC0-301F-11D3-BF4B-00C04F79EFBC}") = "MajorityRules", "MajorityRules\MajorityRules.csproj", "{7061CA15-182C-4FF3-90CA-68C5EAABA16E}"
EndProject
Global
	GlobalSection(SolutionConfigurationPlatforms) = preSolution
		Debug|Any CPU = Debug|Any CPU
		Release|Any CPU = Release|Any CPU
	EndGlobalSection
	GlobalSection(ProjectConfigurationPlatforms) = postSolution
		{7061CA15-182C-4FF3-90CA-68C5EAABA16E}.Debug|Any CPU.ActiveCfg = Debug|Any CPU
		{7061CA15-182C-4FF3-90CA-68C5EAABA16E}.Debug|Any CPU.Build.0 = Debug|Any CPU
		{7061CA15-182C-4FF3-90CA-68C5EAABA16E}.Release|Any CPU.ActiveCfg = Release|Any CPU
		{7061CA15-182C-4FF3-90CA-68C5EAABA16E}.Release|Any CPU.Build.0 = Release|Any CPU
	EndGlobalSection
	GlobalSection(SolutionProperties) = preSolution
		HideSolutionNode = FALSE
	EndGlobalSection
EndGlobal
